{
  "originHash" : "984bd6896d8e0eee9fec9d7b7554b2f6be7259934bbe0e0d1d16e176ba425b37",
  "pins" : [
    {
      "identity" : "eudi-lib-ios-iso18013-data-model",
      "kind" : "remoteSourceControl",
      "location" : "https://github.com/JHeisecke/eudi-lib-ios-iso18013-data-model.git",
      "state" : {
        "branch" : "main",
        "revision" : "ef69c321e67574a0dc96b7623e5210fbaf7a1fd7"
      }
    },
    {
      "identity" : "eudi-lib-ios-iso18013-security",
      "kind" : "remoteSourceControl",
      "location" : "https://github.com/JHeisecke/eudi-lib-ios-iso18013-security.git",
      "state" : {
        "branch" : "main",
        "revision" : "7e52c82c9ea7fe6359a8f5d5f9f799b0281a98a8"
      }
    },
    {
      "identity" : "swift-asn1",
      "kind" : "remoteSourceControl",
      "location" : "https://github.com/JHeisecke/swift-asn1.git",
      "state" : {
        "branch" : "main",
        "revision" : "9793159c0b6ad29b4504c519b17c851b04cc5608"
      }
    },
    {
      "identity" : "swift-certificates",
      "kind" : "remoteSourceControl",
      "location" : "https://github.com/JHeisecke/swift-certificates.git",
      "state" : {
        "branch" : "fix/swift-6.2-library-evolution-inlinable",
        "revision" : "5c0c615a57805135da036d0f1b7093fe94031cd4"
      }
    },
    {
      "identity" : "swift-collections",
      "kind" : "remoteSourceControl",
      "location" : "https://github.com/JHeisecke/swift-collections.git",
      "state" : {
        "branch" : "main",
        "revision" : "584ae2b3c52c55e529cf12efce7c5c9927289039"
      }
    },
    {
      "identity" : "swift-crypto",
      "kind" : "remoteSourceControl",
      "location" : "https://github.com/JHeisecke/swift-crypto.git",
      "state" : {
        "branch" : "fix/swift-6.2-library-evolution-inlinable",
        "revision" : "32a296939b786943224c9d49e7e538020dc9edd2"
      }
    },
    {
      "identity" : "swift-log",
      "kind" : "remoteSourceControl",
      "location" : "https://github.com/JHeisecke/swift-log.git",
      "state" : {
        "branch" : "fix/swift-6.2-library-evolution-inlinable",
        "revision" : "0ed72548f95245a88307265393891c341f04ca02"
      }
    },
    {
      "identity" : "swift-syntax",
      "kind" : "remoteSourceControl",
      "location" : "https://github.com/swiftlang/swift-syntax.git",
      "state" : {
        "revision" : "64889f0c732f210a935a0ad7cda38f77f876262d",
        "version" : "509.1.1"
      }
    },
    {
      "identity" : "swiftcbor",
      "kind" : "remoteSourceControl",
      "location" : "https://github.com/niscy-eudiw/SwiftCBOR.git",
      "state" : {
        "revision" : "a663e7a6bd50d2224223ed60622b531b18499dd0",
        "version" : "0.6.4"
      }
    },
    {
      "identity" : "swiftcopyablemacro",
      "kind" : "remoteSourceControl",
      "location" : "https://github.com/eu-digital-identity-wallet/SwiftCopyableMacro.git",
      "state" : {
        "revision" : "d535b0836be52c846d87605adad1205445e4dc35",
        "version" : "0.0.4"
      }
    },
    {
      "identity" : "swiftyjson",
      "kind" : "remoteSourceControl",
      "location" : "https://github.com/SwiftyJSON/SwiftyJSON.git",
      "state" : {
        "revision" : "af76cf3ef710b6ca5f8c05f3a31307d44a3c5828",
        "version" : "5.0.2"
      }
    }
  ],
  "version" : 3
}
